// !$*UTF8*$!
{
	archiveVersion = 1;
	classes = {
	};
	objectVersion = 55;
	objects = {

/* Begin PBXBuildFile section */
		841267F728A23CA500E039C8 /* InstagramUIApp.swift in Sources */ = {isa = PBXBuildFile; fileRef = 841267F628A23CA500E039C8 /* InstagramUIApp.swift */; };
		841267F928A23CA500E039C8 /* ProfileView.swift in Sources */ = {isa = PBXBuildFile; fileRef = 841267F828A23CA500E039C8 /* ProfileView.swift */; };
		841267FB28A23CA800E039C8 /* Assets.xcassets in Resources */ = {isa = PBXBuildFile; fileRef = 841267FA28A23CA800E039C8 /* Assets.xcassets */; };
		841267FE28A23CA800E039C8 /* Preview Assets.xcassets in Resources */ = {isa = PBXBuildFile; fileRef = 841267FD28A23CA800E039C8 /* Preview Assets.xcassets */; };
		8412680028A23CA800E039C8 /* Persistence.swift in Sources */ = {isa = PBXBuildFile; fileRef = 841267FF28A23CA800E039C8 /* Persistence.swift */; };
		8412680328A23CA800E039C8 /* InstagramUI.xcdatamodeld in Sources */ = {isa = PBXBuildFile; fileRef = 8412680128A23CA800E039C8 /* InstagramUI.xcdatamodeld */; };
		842E549B28A3F06B00CCE76F /* Userdata.json in Resources */ = {isa = PBXBuildFile; fileRef = 842E549A28A3F06B00CCE76F /* Userdata.json */; };
		842E54A328A42B5000CCE76F /* ProfileViewModel.swift in Sources */ = {isa = PBXBuildFile; fileRef = 842E54A228A42B5000CCE76F /* ProfileViewModel.swift */; };
		842E54A528A42BB300CCE76F /* ProfileModel.swift in Sources */ = {isa = PBXBuildFile; fileRef = 842E54A428A42BB300CCE76F /* ProfileModel.swift */; };
		8450B8D328ABA4E600216551 /* ThemeHelper.swift in Sources */ = {isa = PBXBuildFile; fileRef = 8450B8D228ABA4E600216551 /* ThemeHelper.swift */; };
/* End PBXBuildFile section */

/* Begin PBXFileReference section */
		841267F328A23CA500E039C8 /* InstagramUI.app */ = {isa = PBXFileReference; explicitFileType = wrapper.application; includeInIndex = 0; path = InstagramUI.app; sourceTree = BUILT_PRODUCTS_DIR; };
		841267F628A23CA500E039C8 /* InstagramUIApp.swift */ = {isa = PBXFileReference; lastKnownFileType = sourcecode.swift; path = InstagramUIApp.swift; sourceTree = "<group>"; };
		841267F828A23CA500E039C8 /* ProfileView.swift */ = {isa = PBXFileReference; lastKnownFileType = sourcecode.swift; path = ProfileView.swift; sourceTree = "<group>"; };
		841267FA28A23CA800E039C8 /* Assets.xcassets */ = {isa = PBXFileReference; lastKnownFileType = folder.assetcatalog; path = Assets.xcassets; sourceTree = "<group>"; };
		841267FD28A23CA800E039C8 /* Preview Assets.xcassets */ = {isa = PBXFileReference; lastKnownFileType = folder.assetcatalog; path = "Preview Assets.xcassets"; sourceTree = "<group>"; };
		841267FF28A23CA800E039C8 /* Persistence.swift */ = {isa = PBXFileReference; lastKnownFileType = sourcecode.swift; path = Persistence.swift; sourceTree = "<group>"; };
		8412680228A23CA800E039C8 /* InstagramUI.xcdatamodel */ = {isa = PBXFileReference; lastKnownFileType = wrapper.xcdatamodel; path = InstagramUI.xcdatamodel; sourceTree = "<group>"; };
		842E549A28A3F06B00CCE76F /* Userdata.json */ = {isa = PBXFileReference; fileEncoding = 4; lastKnownFileType = text.json; path = Userdata.json; sourceTree = "<group>"; };
		842E54A228A42B5000CCE76F /* ProfileViewModel.swift */ = {isa = PBXFileReference; lastKnownFileType = sourcecode.swift; path = ProfileViewModel.swift; sourceTree = "<group>"; };
		842E54A428A42BB300CCE76F /* ProfileModel.swift */ = {isa = PBXFileReference; lastKnownFileType = sourcecode.swift; path = ProfileModel.swift; sourceTree = "<group>"; };
		8450B8D228ABA4E600216551 /* ThemeHelper.swift */ = {isa = PBXFileReference; lastKnownFileType = sourcecode.swift; path = ThemeHelper.swift; sourceTree = "<group>"; };
/* End PBXFileReference section */

/* Begin PBXFrameworksBuildPhase section */
		841267F028A23CA500E039C8 /* Frameworks */ = {
			isa = PBXFrameworksBuildPhase;
			buildActionMask = 2147483647;
			files = (
			);
			runOnlyForDeploymentPostprocessing = 0;
		};
/* End PBXFrameworksBuildPhase section */

/* Begin PBXGroup section */
		841267EA28A23CA500E039C8 = {
			isa = PBXGroup;
			children = (
				841267F528A23CA500E039C8 /* InstagramUI */,
				841267F428A23CA500E039C8 /* Products */,
			);
			sourceTree = "<group>";
		};
		841267F428A23CA500E039C8 /* Products */ = {
			isa = PBXGroup;
			children = (
				841267F328A23CA500E039C8 /* InstagramUI.app */,
			);
			name = Products;
			sourceTree = "<group>";
		};
		841267F528A23CA500E039C8 /* InstagramUI */ = {
			isa = PBXGroup;
			children = (
				842E549C28A42AA800CCE76F /* Helper */,
				842E549D28A42AB500CCE76F /* MVVM */,
				841267F628A23CA500E039C8 /* InstagramUIApp.swift */,
				841267FA28A23CA800E039C8 /* Assets.xcassets */,
				841267FF28A23CA800E039C8 /* Persistence.swift */,
				8412680128A23CA800E039C8 /* InstagramUI.xcdatamodeld */,
				841267FC28A23CA800E039C8 /* Preview Content */,
			);
			path = InstagramUI;
			sourceTree = "<group>";
		};
		841267FC28A23CA800E039C8 /* Preview Content */ = {
			isa = PBXGroup;
			children = (
				841267FD28A23CA800E039C8 /* Preview Assets.xcassets */,
			);
			path = "Preview Content";
			sourceTree = "<group>";
		};
		842E549C28A42AA800CCE76F /* Helper */ = {
			isa = PBXGroup;
			children = (
				842E549A28A3F06B00CCE76F /* Userdata.json */,
				8450B8D228ABA4E600216551 /* ThemeHelper.swift */,
			);
			path = Helper;
			sourceTree = "<group>";
		};
		842E549D28A42AB500CCE76F /* MVVM */ = {
			isa = PBXGroup;
			children = (
				842E54A128A42AD900CCE76F /* ViewModel */,
				842E54A028A42AD200CCE76F /* View */,
				842E549E28A42ABC00CCE76F /* Model */,
			);
			path = MVVM;
			sourceTree = "<group>";
		};
		842E549E28A42ABC00CCE76F /* Model */ = {
			isa = PBXGroup;
			children = (
				842E54A428A42BB300CCE76F /* ProfileModel.swift */,
			);
			path = Model;
			sourceTree = "<group>";
		};
		842E54A028A42AD200CCE76F /* View */ = {
			isa = PBXGroup;
			children = (
				841267F828A23CA500E039C8 /* ProfileView.swift */,
			);
			path = View;
			sourceTree = "<group>";
		};
		842E54A128A42AD900CCE76F /* ViewModel */ = {
			isa = PBXGroup;
			children = (
				842E54A228A42B5000CCE76F /* ProfileViewModel.swift */,
			);
			path = ViewModel;
			sourceTree = "<group>";
		};
/* End PBXGroup section */

/* Begin PBXNativeTarget section */
		841267F228A23CA500E039C8 /* InstagramUI */ = {
			isa = PBXNativeTarget;
			buildConfigurationList = 8412680628A23CA800E039C8 /* Build configuration list for PBXNativeTarget "InstagramUI" */;
			buildPhases = (
				841267EF28A23CA500E039C8 /* Sources */,
				841267F028A23CA500E039C8 /* Frameworks */,
				841267F128A23CA500E039C8 /* Resources */,
			);
			buildRules = (
			);
			dependencies = (
			);
			name = InstagramUI;
			productName = InstagramUI;
			productReference = 841267F328A23CA500E039C8 /* InstagramUI.app */;
			productType = "com.apple.product-type.application";
		};
/* End PBXNativeTarget section */

/* Begin PBXProject section */
		841267EB28A23CA500E039C8 /* Project object */ = {
			isa = PBXProject;
			attributes = {
				BuildIndependentTargetsInParallel = 1;
				LastSwiftUpdateCheck = 1310;
				LastUpgradeCheck = 1310;
				TargetAttributes = {
					841267F228A23CA500E039C8 = {
						CreatedOnToolsVersion = 13.1;
					};
				};
			};
			buildConfigurationList = 841267EE28A23CA500E039C8 /* Build configuration list for PBXProject "InstagramUI" */;
			compatibilityVersion = "Xcode 13.0";
			developmentRegion = en;
			hasScannedForEncodings = 0;
			knownRegions = (
				en,
				Base,
			);
			mainGroup = 841267EA28A23CA500E039C8;
			productRefGroup = 841267F428A23CA500E039C8 /* Products */;
			projectDirPath = "";
			projectRoot = "";
			targets = (
				841267F228A23CA500E039C8 /* InstagramUI */,
			);
		};
/* End PBXProject section */

/* Begin PBXResourcesBuildPhase section */
		841267F128A23CA500E039C8 /* Resources */ = {
			isa = PBXResourcesBuildPhase;
			buildActionMask = 2147483647;
			files = (
				841267FE28A23CA800E039C8 /* Preview Assets.xcassets in Resources */,
				842E549B28A3F06B00CCE76F /* Userdata.json in Resources */,
				841267FB28A23CA800E039C8 /* Assets.xcassets in Resources */,
			);
			runOnlyForDeploymentPostprocessing = 0;
		};
/* End PBXResourcesBuildPhase section */

/* Begin PBXSourcesBuildPhase section */
		841267EF28A23CA500E039C8 /* Sources */ = {
			isa = PBXSourcesBuildPhase;
			buildActionMask = 2147483647;
			files = (
				8450B8D328ABA4E600216551 /* ThemeHelper.swift in Sources */,
				8412680328A23CA800E039C8 /* InstagramUI.xcdatamodeld in Sources */,
				8412680028A23CA800E039C8 /* Persistence.swift in Sources */,
				841267F928A23CA500E039C8 /* ProfileView.swift in Sources */,
				842E54A528A42BB300CCE76F /* ProfileModel.swift in Sources */,
				841267F728A23CA500E039C8 /* InstagramUIApp.swift in Sources */,
				842E54A328A42B5000CCE76F /* ProfileViewModel.swift in Sources */,
			);
			runOnlyForDeploymentPostprocessing = 0;
		};
/* End PBXSourcesBuildPhase section */

/* Begin XCBuildConfiguration section */
		8412680428A23CA800E039C8 /* Debug */ = {
			isa = XCBuildConfiguration;
			buildSettings = {
				ALWAYS_SEARCH_USER_PATHS = NO;
				CLANG_ANALYZER_NONNULL = YES;
				CLANG_ANALYZER_NUMBER_OBJECT_CONVERSION = YES_AGGRESSIVE;
				CLANG_CXX_LANGUAGE_STANDARD = "gnu++17";
				CLANG_CXX_LIBRARY = "libc++";
				CLANG_ENABLE_MODULES = YES;
				CLANG_ENABLE_OBJC_ARC = YES;
				CLANG_ENABLE_OBJC_WEAK = YES;
				CLANG_WARN_BLOCK_CAPTURE_AUTORELEASING = YES;
				CLANG_WARN_BOOL_CONVERSION = YES;
				CLANG_WARN_COMMA = YES;
				CLANG_WARN_CONSTANT_CONVERSION = YES;
				CLANG_WARN_DEPRECATED_OBJC_IMPLEMENTATIONS = YES;
				CLANG_WARN_DIRECT_OBJC_ISA_USAGE = YES_ERROR;
				CLANG_WARN_DOCUMENTATION_COMMENTS = YES;
				CLANG_WARN_EMPTY_BODY = YES;
				CLANG_WARN_ENUM_CONVERSION = YES;
				CLANG_WARN_INFINITE_RECURSION = YES;
				CLANG_WARN_INT_CONVERSION = YES;
				CLANG_WARN_NON_LITERAL_NULL_CONVERSION = YES;
				CLANG_WARN_OBJC_IMPLICIT_RETAIN_SELF = YES;
				CLANG_WARN_OBJC_LITERAL_CONVERSION = YES;
				CLANG_WARN_OBJC_ROOT_CLASS = YES_ERROR;
				CLANG_WARN_QUOTED_INCLUDE_IN_FRAMEWORK_HEADER = YES;
				CLANG_WARN_RANGE_LOOP_ANALYSIS = YES;
				CLANG_WARN_STRICT_PROTOTYPES = YES;
				CLANG_WARN_SUSPICIOUS_MOVE = YES;
				CLANG_WARN_UNGUARDED_AVAILABILITY = YES_AGGRESSIVE;
				CLANG_WARN_UNREACHABLE_CODE = YES;
				CLANG_WARN__DUPLICATE_METHOD_MATCH = YES;
				COPY_PHASE_STRIP = NO;
				DEBUG_INFORMATION_FORMAT = dwarf;
				ENABLE_STRICT_OBJC_MSGSEND = YES;
				ENABLE_TESTABILITY = YES;
				GCC_C_LANGUAGE_STANDARD = gnu11;
				GCC_DYNAMIC_NO_PIC = NO;
				GCC_NO_COMMON_BLOCKS = YES;
				GCC_OPTIMIZATION_LEVEL = 0;
				GCC_PREPROCESSOR_DEFINITIONS = (
					"DEBUG=1",
					"$(inherited)",
				);
				GCC_WARN_64_TO_32_BIT_CONVERSION = YES;
				GCC_WARN_ABOUT_RETURN_TYPE = YES_ERROR;
				GCC_WARN_UNDECLARED_SELECTOR = YES;
				GCC_WARN_UNINITIALIZED_AUTOS = YES_AGGRESSIVE;
				GCC_WARN_UNUSED_FUNCTION = YES;
				GCC_WARN_UNUSED_VARIABLE = YES;
				IPHONEOS_DEPLOYMENT_TARGET = 15.0;
				MTL_ENABLE_DEBUG_INFO = INCLUDE_SOURCE;
				MTL_FAST_MATH = YES;
				ONLY_ACTIVE_ARCH = YES;
				SDKROOT = iphoneos;
				SWIFT_ACTIVE_COMPILATION_CONDITIONS = DEBUG;
				SWIFT_OPTIMIZATION_LEVEL = "-Onone";
			};
			name = Debug;
		};
		8412680528A23CA800E039C8 /* Release */ = {
			isa = XCBuildConfiguration;
			buildSettings = {
				ALWAYS_SEARCH_USER_PATHS = NO;
				CLANG_ANALYZER_NONNULL = YES;
				CLANG_ANALYZER_NUMBER_OBJECT_CONVERSION = YES_AGGRESSIVE;
				CLANG_CXX_LANGUAGE_STANDARD = "gnu++17";
				CLANG_CXX_LIBRARY = "libc++";
				CLANG_ENABLE_MODULES = YES;
				CLANG_ENABLE_OBJC_ARC = YES;
				CLANG_ENABLE_OBJC_WEAK = YES;
				CLANG_WARN_BLOCK_CAPTURE_AUTORELEASING = YES;
				CLANG_WARN_BOOL_CONVERSION = YES;
				CLANG_WARN_COMMA = YES;
				CLANG_WARN_CONSTANT_CONVERSION = YES;
				CLANG_WARN_DEPRECATED_OBJC_IMPLEMENTATIONS = YES;
				CLANG_WARN_DIRECT_OBJC_ISA_USAGE = YES_ERROR;
				CLANG_WARN_DOCUMENTATION_COMMENTS = YES;
				CLANG_WARN_EMPTY_BODY = YES;
				CLANG_WARN_ENUM_CONVERSION = YES;
				CLANG_WARN_INFINITE_RECURSION = YES;
				CLANG_WARN_INT_CONVERSION = YES;
				CLANG_WARN_NON_LITERAL_NULL_CONVERSION = YES;
				CLANG_WARN_OBJC_IMPLICIT_RETAIN_SELF = YES;
				CLANG_WARN_OBJC_LITERAL_CONVERSION = YES;
				CLANG_WARN_OBJC_ROOT_CLASS = YES_ERROR;
				CLANG_WARN_QUOTED_INCLUDE_IN_FRAMEWORK_HEADER = YES;
				CLANG_WARN_RANGE_LOOP_ANALYSIS = YES;
				CLANG_WARN_STRICT_PROTOTYPES = YES;
				CLANG_WARN_SUSPICIOUS_MOVE = YES;
				CLANG_WARN_UNGUARDED_AVAILABILITY = YES_AGGRESSIVE;
				CLANG_WARN_UNREACHABLE_CODE = YES;
				CLANG_WARN__DUPLICATE_METHOD_MATCH = YES;
				COPY_PHASE_STRIP = NO;
				DEBUG_INFORMATION_FORMAT = "dwarf-with-dsym";
				ENABLE_NS_ASSERTIONS = NO;
				ENABLE_STRICT_OBJC_MSGSEND = YES;
				GCC_C_LANGUAGE_STANDARD = gnu11;
				GCC_NO_COMMON_BLOCKS = YES;
				GCC_WARN_64_TO_32_BIT_CONVERSION = YES;
				GCC_WARN_ABOUT_RETURN_TYPE = YES_ERROR;
				GCC_WARN_UNDECLARED_SELECTOR = YES;
				GCC_WARN_UNINITIALIZED_AUTOS = YES_AGGRESSIVE;
				GCC_WARN_UNUSED_FUNCTION = YES;
				GCC_WARN_UNUSED_VARIABLE = YES;
				IPHONEOS_DEPLOYMENT_TARGET = 15.0;
				MTL_ENABLE_DEBUG_INFO = NO;
				MTL_FAST_MATH = YES;
				SDKROOT = iphoneos;
				SWIFT_COMPILATION_MODE = wholemodule;
				SWIFT_OPTIMIZATION_LEVEL = "-O";
				VALIDATE_PRODUCT = YES;
			};
			name = Release;
		};
		8412680728A23CA800E039C8 /* Debug */ = {
			isa = XCBuildConfiguration;
			buildSettings = {
				ASSETCATALOG_COMPILER_APPICON_NAME = AppIcon;
				ASSETCATALOG_COMPILER_GLOBAL_ACCENT_COLOR_NAME = AccentColor;
				CODE_SIGN_IDENTITY = "iPhone Developer";
				CODE_SIGN_STYLE = Manual;
				CURRENT_PROJECT_VERSION = 1;
				DEVELOPMENT_ASSET_PATHS = "\"InstagramUI/Preview Content\"";
				DEVELOPMENT_TEAM = 23FC5W285E;
				ENABLE_PREVIEWS = YES;
				GENERATE_INFOPLIST_FILE = YES;
				INFOPLIST_KEY_UIApplicationSceneManifest_Generation = YES;
				INFOPLIST_KEY_UIApplicationSupportsIndirectInputEvents = YES;
				INFOPLIST_KEY_UILaunchScreen_Generation = YES;
				INFOPLIST_KEY_UISupportedInterfaceOrientations_iPad = "UIInterfaceOrientationPortrait UIInterfaceOrientationPortraitUpsideDown UIInterfaceOrientationLandscapeLeft UIInterfaceOrientationLandscapeRight";
				INFOPLIST_KEY_UISupportedInterfaceOrientations_iPhone = "UIInterfaceOrientationPortrait UIInterfaceOrientationLandscapeLeft UIInterfaceOrientationLandscapeRight";
				LD_RUNPATH_SEARCH_PATHS = (
					"$(inherited)",
					"@executable_path/Frameworks",
				);
				MARKETING_VERSION = 1.0;
				PRODUCT_BUNDLE_IDENTIFIER = com.buntethered.beta;
				PRODUCT_NAME = "$(TARGET_NAME)";
				PROVISIONING_PROFILE_SPECIFIER = "B Untethered Dev Beta";
				SWIFT_EMIT_LOC_STRINGS = YES;
				SWIFT_VERSION = 5.0;
				TARGETED_DEVICE_FAMILY = "1,2";
			};
			name = Debug;
		};
		8412680828A23CA800E039C8 /* Release */ = {
			isa = XCBuildConfiguration;
			buildSettings = {
				ASSETCATALOG_COMPILER_APPICON_NAME = AppIcon;
				ASSETCATALOG_COMPILER_GLOBAL_ACCENT_COLOR_NAME = AccentColor;
				CODE_SIGN_IDENTITY = "iPhone Developer";
				CODE_SIGN_STYLE = Manual;
				CURRENT_PROJECT_VERSION = 1;
				DEVELOPMENT_ASSET_PATHS = "\"InstagramUI/Preview Content\"";
				DEVELOPMENT_TEAM = 23FC5W285E;
				ENABLE_PREVIEWS = YES;
				GENERATE_INFOPLIST_FILE = YES;
				INFOPLIST_KEY_UIApplicationSceneManifest_Generation = YES;
				INFOPLIST_KEY_UIApplicationSupportsIndirectInputEvents = YES;
				INFOPLIST_KEY_UILaunchScreen_Generation = YES;
				INFOPLIST_KEY_UISupportedInterfaceOrientations_iPad = "UIInterfaceOrientationPortrait UIInterfaceOrientationPortraitUpsideDown UIInterfaceOrientationLandscapeLeft UIInterfaceOrientationLandscapeRight";
				INFOPLIST_KEY_UISupportedInterfaceOrientations_iPhone = "UIInterfaceOrientationPortrait UIInterfaceOrientationLandscapeLeft UIInterfaceOrientationLandscapeRight";
				LD_RUNPATH_SEARCH_PATHS = (
					"$(inherited)",
					"@executable_path/Frameworks",
				);
				MARKETING_VERSION = 1.0;
				PRODUCT_BUNDLE_IDENTIFIER = com.buntethered.beta;
				PRODUCT_NAME = "$(TARGET_NAME)";
				PROVISIONING_PROFILE_SPECIFIER = "B Untethered Dev Beta";
				SWIFT_EMIT_LOC_STRINGS = YES;
				SWIFT_VERSION = 5.0;
				TARGETED_DEVICE_FAMILY = "1,2";
			};
			name = Release;
		};
/* End XCBuildConfiguration section */

/* Begin XCConfigurationList section */
		841267EE28A23CA500E039C8 /* Build configuration list for PBXProject "InstagramUI" */ = {
			isa = XCConfigurationList;
			buildConfigurations = (
				8412680428A23CA800E039C8 /* Debug */,
				8412680528A23CA800E039C8 /* Release */,
			);
			defaultConfigurationIsVisible = 0;
			defaultConfigurationName = Release;
		};
		8412680628A23CA800E039C8 /* Build configuration list for PBXNativeTarget "InstagramUI" */ = {
			isa = XCConfigurationList;
			buildConfigurations = (
				8412680728A23CA800E039C8 /* Debug */,
				8412680828A23CA800E039C8 /* Release */,
			);
			defaultConfigurationIsVisible = 0;
			defaultConfigurationName = Release;
		};
/* End XCConfigurationList section */

/* Begin XCVersionGroup section */
		8412680128A23CA800E039C8 /* InstagramUI.xcdatamodeld */ = {
			isa = XCVersionGroup;
			children = (
				8412680228A23CA800E039C8 /* InstagramUI.xcdatamodel */,
			);
			currentVersion = 8412680228A23CA800E039C8 /* InstagramUI.xcdatamodel */;
			path = InstagramUI.xcdatamodeld;
			sourceTree = "<group>";
			versionGroupType = wrapper.xcdatamodel;
		};
/* End XCVersionGroup section */
	};
	rootObject = 841267EB28A23CA500E039C8 /* Project object */;
}
